
Microsoft Visual Studio Solution File, Format Version 12.00
# Visual Studio 15
VisualStudioVersion = 15.0.27703.2026
MinimumVisualStudioVersion = 10.0.40219.1
Project("{FAE04EC0-301F-11D3-BF4B-00C04F79EFBC}") = "WindowsFormsApp1", "WindowsFormsApp1\WindowsFormsApp1.csproj", "{8D314724-4676-4E62-9281-2C691032D8D0}"
EndProject
Global
	GlobalSection(SolutionConfigurationPlatforms) = preSolution
		Debug|Any CPU = Debug|Any CPU
		Release|Any CPU = Release|Any CPU
	EndGlobalSection
	GlobalSection(ProjectConfigurationPlatforms) = postSolution
		{8D314724-4676-4E62-9281-2C691032D8D0}.Debug|Any CPU.ActiveCfg = Debug|Any CPU
		{8D314724-4676-4E62-9281-2C691032D8D0}.Debug|Any CPU.Build.0 = Debug|Any CPU
		{8D314724-4676-4E62-9281-2C691032D8D0}.Release|Any CPU.ActiveCfg = Release|Any CPU
		{8D314724-4676-4E62-9281-2C691032D8D0}.Release|Any CPU.Build.0 = Release|Any CPU
	EndGlobalSection
	GlobalSection(SolutionProperties) = preSolution
		HideSolutionNode = FALSE
	EndGlobalSection
	GlobalSection(ExtensibilityGlobals) = postSolution
		SolutionGuid = {EFFB6D42-874D-4C01-9276-9F3C61FD03C9}
	EndGlobalSection
EndGlobal
